
Microsoft Visual Studio Solution File, Format Version 11.00
# Visual Studio 2010
# SharpDevelop 5.1
Project("{FAE04EC0-301F-11D3-BF4B-00C04F79EFBC}") = "01.DayOfWeek", "DayOfWeek\01.DayOfWeek.csproj", "{2622DECC-A9D7-418B-B3B5-D3F9140CDC36}"
EndProject
Project("{FAE04EC0-301F-11D3-BF4B-00C04F79EFBC}") = "02.ReverseArray", "ReverseArray\02.ReverseArray.csproj", "{E1942FC1-7FA6-4EF4-AA7F-BFE2E90BB9FB}"
EndProject
Project("{FAE04EC0-301F-11D3-BF4B-00C04F79EFBC}") = "03.LastKSums", "LastKSums\03.LastKSums.csproj", "{7FFC952D-1C9C-4396-806C-8CBDF99C9558}"
EndProject
Project("{FAE04EC0-301F-11D3-BF4B-00C04F79EFBC}") = "04.TripleSum", "TripleSum\04.TripleSum.csproj", "{6CD62FAF-A91C-4D89-97D1-22B90981A287}"
EndProject
Project("{FAE04EC0-301F-11D3-BF4B-00C04F79EFBC}") = "05.RoundingNums", "RoundingNums\05.RoundingNums.csproj", "{6FAAFADC-48EE-4B2B-8BFF-4310B6C65C1F}"
EndProject
Project("{FAE04EC0-301F-11D3-BF4B-00C04F79EFBC}") = "06.ReverseString", "ReverseString\06.ReverseString.csproj", "{EF9BDBA6-A902-4C05-94C0-CFD279B5D746}"
EndProject
Project("{FAE04EC0-301F-11D3-BF4B-00C04F79EFBC}") = "07.SumArrays", "SumArrays\07.SumArrays.csproj", "{E7B5CAEC-DF3F-4304-AC68-29D20ED0B21D}"
EndProject
Project("{FAE04EC0-301F-11D3-BF4B-00C04F79EFBC}") = "08.CondenseArrayToNum", "CondenseArrayToNum\08.CondenseArrayToNum.csproj", "{F7E546E6-F6CF-4199-B105-8CAB32A14177}"
EndProject
Project("{FAE04EC0-301F-11D3-BF4B-00C04F79EFBC}") = "09.ExtractMiddleElements", "ExtractMiddleElements\09.ExtractMiddleElements.csproj", "{55B522D1-FF7D-4B93-B696-9DFD9E67C0B2}"
EndProject
Project("{FAE04EC0-301F-11D3-BF4B-00C04F79EFBC}") = "10.LCE", "LCE\10.LCE.csproj", "{2CF8E3D6-A855-49EC-BC7D-C4338CEB196F}"
EndProject
Project("{FAE04EC0-301F-11D3-BF4B-00C04F79EFBC}") = "11.Rotate&Sum", "Rotate&Sum\11.Rotate&Sum.csproj", "{5A4CCFA6-90EB-4831-A23B-662035EF6868}"
EndProject
Project("{FAE04EC0-301F-11D3-BF4B-00C04F79EFBC}") = "12.Fold&Sum", "Fold&Sum\12.Fold&Sum.csproj", "{355C3309-FE44-426F-AEAD-30BDDA155131}"
EndProject
Project("{FAE04EC0-301F-11D3-BF4B-00C04F79EFBC}") = "13.EratostheneSieve", "EratostheneSieve\13.EratostheneSieve.csproj", "{4C85E88B-053F-4D70-819B-0A027B306235}"
EndProject
Project("{FAE04EC0-301F-11D3-BF4B-00C04F79EFBC}") = "14.CharCompare", "CharCompare\14.CharCompare.csproj", "{2DF6B81B-CDC7-423D-8CC7-5BCFFE60273D}"
EndProject
Project("{FAE04EC0-301F-11D3-BF4B-00C04F79EFBC}") = "15.MaxEqual", "MaxEqual\15.MaxEqual.csproj", "{29341977-00F6-4936-B6D0-E9482E36E63E}"
EndProject
Project("{FAE04EC0-301F-11D3-BF4B-00C04F79EFBC}") = "16.MaxIncreasing", "MaxIncreasing\16.MaxIncreasing.csproj", "{71B9A3B7-1AA8-4757-9696-822B04918966}"
EndProject
Project("{FAE04EC0-301F-11D3-BF4B-00C04F79EFBC}") = "17.MostFrequentElement", "MostFrequentElement\17.MostFrequentElement.csproj", "{A866854E-2D20-4E26-AD6F-0C86E27C581C}"
EndProject
Project("{FAE04EC0-301F-11D3-BF4B-00C04F79EFBC}") = "18.IndexOfLetter", "IndexOfLetter\18.IndexOfLetter.csproj", "{E6C0568E-4D31-498B-A866-97B141CBA412}"
EndProject
Project("{FAE04EC0-301F-11D3-BF4B-00C04F79EFBC}") = "19.PairByDiff", "PairByDiff\19.PairByDiff.csproj", "{3E9895A4-DB8C-48F0-B4CB-95EE5B87CEEB}"
EndProject
Project("{FAE04EC0-301F-11D3-BF4B-00C04F79EFBC}") = "20.EqualSums", "EqualSums\20.EqualSums.csproj", "{0F2651EF-147D-4662-81F8-949DF6C8213C}"
EndProject
Project("{FAE04EC0-301F-11D3-BF4B-00C04F79EFBC}") = "21.ArrManipulator", "ArrManipulator\21.ArrManipulator.csproj", "{CC84ABE6-BE06-4CFA-9583-7CCCA7A14CE8}"
EndProject
Project("{FAE04EC0-301F-11D3-BF4B-00C04F79EFBC}") = "22.SafeManipulation", "SafeManipulation\22.SafeManipulation.csproj", "{FF81C063-74B9-467C-B797-6E7DAD02B059}"
EndProject
Project("{FAE04EC0-301F-11D3-BF4B-00C04F79EFBC}") = "23.Grab&Go", "Grab&Go\23.Grab&Go.csproj", "{7F6C52BE-7CBA-4B08-AFD4-9AF70BC0839E}"
EndProject
Project("{FAE04EC0-301F-11D3-BF4B-00C04F79EFBC}") = "24.PizzaIngredients", "PizzaIngredients\24.PizzaIngredients.csproj", "{975EB03B-AC86-46A5-B8A6-65226A6A385D}"
EndProject
Project("{FAE04EC0-301F-11D3-BF4B-00C04F79EFBC}") = "25.Heists", "Heists\25.Heists.csproj", "{50BD5B5A-76B1-4217-931E-43AEDBFF4489}"
EndProject
Project("{FAE04EC0-301F-11D3-BF4B-00C04F79EFBC}") = "26.InventoryMatcher", "InventoryMatcher\26.InventoryMatcher.csproj", "{44C06FCA-B7D5-4019-9754-4C8B3CA08467}"
EndProject
Project("{FAE04EC0-301F-11D3-BF4B-00C04F79EFBC}") = "27.UpgradedMatcher", "UpgradedMatcher\27.UpgradedMatcher.csproj", "{76170B5D-2547-4256-941A-EBEB33692B2F}"
EndProject
Project("{FAE04EC0-301F-11D3-BF4B-00C04F79EFBC}") = "28.JumpAround", "JumpAround\28.JumpAround.csproj", "{202C1F94-47CE-4BB5-831E-F818BB21930F}"
EndProject
Global
	GlobalSection(SolutionConfigurationPlatforms) = preSolution
		Debug|Any CPU = Debug|Any CPU
		Release|Any CPU = Release|Any CPU
	EndGlobalSection
	GlobalSection(ProjectConfigurationPlatforms) = postSolution
		{2622DECC-A9D7-418B-B3B5-D3F9140CDC36}.Debug|Any CPU.ActiveCfg = Debug|Any CPU
		{2622DECC-A9D7-418B-B3B5-D3F9140CDC36}.Debug|Any CPU.Build.0 = Debug|Any CPU
		{2622DECC-A9D7-418B-B3B5-D3F9140CDC36}.Release|Any CPU.ActiveCfg = Release|Any CPU
		{2622DECC-A9D7-418B-B3B5-D3F9140CDC36}.Release|Any CPU.Build.0 = Release|Any CPU
		{E1942FC1-7FA6-4EF4-AA7F-BFE2E90BB9FB}.Debug|Any CPU.ActiveCfg = Debug|Any CPU
		{E1942FC1-7FA6-4EF4-AA7F-BFE2E90BB9FB}.Debug|Any CPU.Build.0 = Debug|Any CPU
		{E1942FC1-7FA6-4EF4-AA7F-BFE2E90BB9FB}.Release|Any CPU.ActiveCfg = Release|Any CPU
		{E1942FC1-7FA6-4EF4-AA7F-BFE2E90BB9FB}.Release|Any CPU.Build.0 = Release|Any CPU
		{7FFC952D-1C9C-4396-806C-8CBDF99C9558}.Debug|Any CPU.ActiveCfg = Debug|Any CPU
		{7FFC952D-1C9C-4396-806C-8CBDF99C9558}.Debug|Any CPU.Build.0 = Debug|Any CPU
		{7FFC952D-1C9C-4396-806C-8CBDF99C9558}.Release|Any CPU.ActiveCfg = Release|Any CPU
		{7FFC952D-1C9C-4396-806C-8CBDF99C9558}.Release|Any CPU.Build.0 = Release|Any CPU
		{6CD62FAF-A91C-4D89-97D1-22B90981A287}.Debug|Any CPU.ActiveCfg = Debug|Any CPU
		{6CD62FAF-A91C-4D89-97D1-22B90981A287}.Debug|Any CPU.Build.0 = Debug|Any CPU
		{6CD62FAF-A91C-4D89-97D1-22B90981A287}.Release|Any CPU.ActiveCfg = Release|Any CPU
		{6CD62FAF-A91C-4D89-97D1-22B90981A287}.Release|Any CPU.Build.0 = Release|Any CPU
		{6FAAFADC-48EE-4B2B-8BFF-4310B6C65C1F}.Debug|Any CPU.ActiveCfg = Debug|Any CPU
		{6FAAFADC-48EE-4B2B-8BFF-4310B6C65C1F}.Debug|Any CPU.Build.0 = Debug|Any CPU
		{6FAAFADC-48EE-4B2B-8BFF-4310B6C65C1F}.Release|Any CPU.ActiveCfg = Release|Any CPU
		{6FAAFADC-48EE-4B2B-8BFF-4310B6C65C1F}.Release|Any CPU.Build.0 = Release|Any CPU
		{EF9BDBA6-A902-4C05-94C0-CFD279B5D746}.Debug|Any CPU.ActiveCfg = Debug|Any CPU
		{EF9BDBA6-A902-4C05-94C0-CFD279B5D746}.Debug|Any CPU.Build.0 = Debug|Any CPU
		{EF9BDBA6-A902-4C05-94C0-CFD279B5D746}.Release|Any CPU.ActiveCfg = Release|Any CPU
		{EF9BDBA6-A902-4C05-94C0-CFD279B5D746}.Release|Any CPU.Build.0 = Release|Any CPU
		{E7B5CAEC-DF3F-4304-AC68-29D20ED0B21D}.Debug|Any CPU.ActiveCfg = Debug|Any CPU
		{E7B5CAEC-DF3F-4304-AC68-29D20ED0B21D}.Debug|Any CPU.Build.0 = Debug|Any CPU
		{E7B5CAEC-DF3F-4304-AC68-29D20ED0B21D}.Release|Any CPU.ActiveCfg = Release|Any CPU
		{E7B5CAEC-DF3F-4304-AC68-29D20ED0B21D}.Release|Any CPU.Build.0 = Release|Any CPU
		{F7E546E6-F6CF-4199-B105-8CAB32A14177}.Debug|Any CPU.ActiveCfg = Debug|Any CPU
		{F7E546E6-F6CF-4199-B105-8CAB32A14177}.Debug|Any CPU.Build.0 = Debug|Any CPU
		{F7E546E6-F6CF-4199-B105-8CAB32A14177}.Release|Any CPU.ActiveCfg = Release|Any CPU
		{F7E546E6-F6CF-4199-B105-8CAB32A14177}.Release|Any CPU.Build.0 = Release|Any CPU
		{55B522D1-FF7D-4B93-B696-9DFD9E67C0B2}.Debug|Any CPU.ActiveCfg = Debug|Any CPU
		{55B522D1-FF7D-4B93-B696-9DFD9E67C0B2}.Debug|Any CPU.Build.0 = Debug|Any CPU
		{55B522D1-FF7D-4B93-B696-9DFD9E67C0B2}.Release|Any CPU.ActiveCfg = Release|Any CPU
		{55B522D1-FF7D-4B93-B696-9DFD9E67C0B2}.Release|Any CPU.Build.0 = Release|Any CPU
		{2CF8E3D6-A855-49EC-BC7D-C4338CEB196F}.Debug|Any CPU.ActiveCfg = Debug|Any CPU
		{2CF8E3D6-A855-49EC-BC7D-C4338CEB196F}.Debug|Any CPU.Build.0 = Debug|Any CPU
		{2CF8E3D6-A855-49EC-BC7D-C4338CEB196F}.Release|Any CPU.ActiveCfg = Release|Any CPU
		{2CF8E3D6-A855-49EC-BC7D-C4338CEB196F}.Release|Any CPU.Build.0 = Release|Any CPU
		{5A4CCFA6-90EB-4831-A23B-662035EF6868}.Debug|Any CPU.ActiveCfg = Debug|Any CPU
		{5A4CCFA6-90EB-4831-A23B-662035EF6868}.Debug|Any CPU.Build.0 = Debug|Any CPU
		{5A4CCFA6-90EB-4831-A23B-662035EF6868}.Release|Any CPU.ActiveCfg = Release|Any CPU
		{5A4CCFA6-90EB-4831-A23B-662035EF6868}.Release|Any CPU.Build.0 = Release|Any CPU
		{355C3309-FE44-426F-AEAD-30BDDA155131}.Debug|Any CPU.ActiveCfg = Debug|Any CPU
		{355C3309-FE44-426F-AEAD-30BDDA155131}.Debug|Any CPU.Build.0 = Debug|Any CPU
		{355C3309-FE44-426F-AEAD-30BDDA155131}.Release|Any CPU.ActiveCfg = Release|Any CPU
		{355C3309-FE44-426F-AEAD-30BDDA155131}.Release|Any CPU.Build.0 = Release|Any CPU
		{4C85E88B-053F-4D70-819B-0A027B306235}.Debug|Any CPU.ActiveCfg = Debug|Any CPU
		{4C85E88B-053F-4D70-819B-0A027B306235}.Debug|Any CPU.Build.0 = Debug|Any CPU
		{4C85E88B-053F-4D70-819B-0A027B306235}.Release|Any CPU.ActiveCfg = Release|Any CPU
		{4C85E88B-053F-4D70-819B-0A027B306235}.Release|Any CPU.Build.0 = Release|Any CPU
		{2DF6B81B-CDC7-423D-8CC7-5BCFFE60273D}.Debug|Any CPU.ActiveCfg = Debug|Any CPU
		{2DF6B81B-CDC7-423D-8CC7-5BCFFE60273D}.Debug|Any CPU.Build.0 = Debug|Any CPU
		{2DF6B81B-CDC7-423D-8CC7-5BCFFE60273D}.Release|Any CPU.ActiveCfg = Release|Any CPU
		{2DF6B81B-CDC7-423D-8CC7-5BCFFE60273D}.Release|Any CPU.Build.0 = Release|Any CPU
		{29341977-00F6-4936-B6D0-E9482E36E63E}.Debug|Any CPU.ActiveCfg = Debug|Any CPU
		{29341977-00F6-4936-B6D0-E9482E36E63E}.Debug|Any CPU.Build.0 = Debug|Any CPU
		{29341977-00F6-4936-B6D0-E9482E36E63E}.Release|Any CPU.ActiveCfg = Release|Any CPU
		{29341977-00F6-4936-B6D0-E9482E36E63E}.Release|Any CPU.Build.0 = Release|Any CPU
		{71B9A3B7-1AA8-4757-9696-822B04918966}.Debug|Any CPU.ActiveCfg = Debug|Any CPU
		{71B9A3B7-1AA8-4757-9696-822B04918966}.Debug|Any CPU.Build.0 = Debug|Any CPU
		{71B9A3B7-1AA8-4757-9696-822B04918966}.Release|Any CPU.ActiveCfg = Release|Any CPU
		{71B9A3B7-1AA8-4757-9696-822B04918966}.Release|Any CPU.Build.0 = Release|Any CPU
		{A866854E-2D20-4E26-AD6F-0C86E27C581C}.Debug|Any CPU.ActiveCfg = Debug|Any CPU
		{A866854E-2D20-4E26-AD6F-0C86E27C581C}.Debug|Any CPU.Build.0 = Debug|Any CPU
		{A866854E-2D20-4E26-AD6F-0C86E27C581C}.Release|Any CPU.ActiveCfg = Release|Any CPU
		{A866854E-2D20-4E26-AD6F-0C86E27C581C}.Release|Any CPU.Build.0 = Release|Any CPU
		{E6C0568E-4D31-498B-A866-97B141CBA412}.Debug|Any CPU.ActiveCfg = Debug|Any CPU
		{E6C0568E-4D31-498B-A866-97B141CBA412}.Debug|Any CPU.Build.0 = Debug|Any CPU
		{E6C0568E-4D31-498B-A866-97B141CBA412}.Release|Any CPU.ActiveCfg = Release|Any CPU
		{E6C0568E-4D31-498B-A866-97B141CBA412}.Release|Any CPU.Build.0 = Release|Any CPU
		{3E9895A4-DB8C-48F0-B4CB-95EE5B87CEEB}.Debug|Any CPU.ActiveCfg = Debug|Any CPU
		{3E9895A4-DB8C-48F0-B4CB-95EE5B87CEEB}.Debug|Any CPU.Build.0 = Debug|Any CPU
		{3E9895A4-DB8C-48F0-B4CB-95EE5B87CEEB}.Release|Any CPU.ActiveCfg = Release|Any CPU
		{3E9895A4-DB8C-48F0-B4CB-95EE5B87CEEB}.Release|Any CPU.Build.0 = Release|Any CPU
		{0F2651EF-147D-4662-81F8-949DF6C8213C}.Debug|Any CPU.ActiveCfg = Debug|Any CPU
		{0F2651EF-147D-4662-81F8-949DF6C8213C}.Debug|Any CPU.Build.0 = Debug|Any CPU
		{0F2651EF-147D-4662-81F8-949DF6C8213C}.Release|Any CPU.ActiveCfg = Release|Any CPU
		{0F2651EF-147D-4662-81F8-949DF6C8213C}.Release|Any CPU.Build.0 = Release|Any CPU
		{CC84ABE6-BE06-4CFA-9583-7CCCA7A14CE8}.Debug|Any CPU.ActiveCfg = Debug|Any CPU
		{CC84ABE6-BE06-4CFA-9583-7CCCA7A14CE8}.Debug|Any CPU.Build.0 = Debug|Any CPU
		{CC84ABE6-BE06-4CFA-9583-7CCCA7A14CE8}.Release|Any CPU.ActiveCfg = Release|Any CPU
		{CC84ABE6-BE06-4CFA-9583-7CCCA7A14CE8}.Release|Any CPU.Build.0 = Release|Any CPU
		{FF81C063-74B9-467C-B797-6E7DAD02B059}.Debug|Any CPU.ActiveCfg = Debug|Any CPU
		{FF81C063-74B9-467C-B797-6E7DAD02B059}.Debug|Any CPU.Build.0 = Debug|Any CPU
		{FF81C063-74B9-467C-B797-6E7DAD02B059}.Release|Any CPU.ActiveCfg = Release|Any CPU
		{FF81C063-74B9-467C-B797-6E7DAD02B059}.Release|Any CPU.Build.0 = Release|Any CPU
		{7F6C52BE-7CBA-4B08-AFD4-9AF70BC0839E}.Debug|Any CPU.ActiveCfg = Debug|Any CPU
		{7F6C52BE-7CBA-4B08-AFD4-9AF70BC0839E}.Debug|Any CPU.Build.0 = Debug|Any CPU
		{7F6C52BE-7CBA-4B08-AFD4-9AF70BC0839E}.Release|Any CPU.ActiveCfg = Release|Any CPU
		{7F6C52BE-7CBA-4B08-AFD4-9AF70BC0839E}.Release|Any CPU.Build.0 = Release|Any CPU
		{975EB03B-AC86-46A5-B8A6-65226A6A385D}.Debug|Any CPU.ActiveCfg = Debug|Any CPU
		{975EB03B-AC86-46A5-B8A6-65226A6A385D}.Debug|Any CPU.Build.0 = Debug|Any CPU
		{975EB03B-AC86-46A5-B8A6-65226A6A385D}.Release|Any CPU.ActiveCfg = Release|Any CPU
		{975EB03B-AC86-46A5-B8A6-65226A6A385D}.Release|Any CPU.Build.0 = Release|Any CPU
		{50BD5B5A-76B1-4217-931E-43AEDBFF4489}.Debug|Any CPU.ActiveCfg = Debug|Any CPU
		{50BD5B5A-76B1-4217-931E-43AEDBFF4489}.Debug|Any CPU.Build.0 = Debug|Any CPU
		{50BD5B5A-76B1-4217-931E-43AEDBFF4489}.Release|Any CPU.ActiveCfg = Release|Any CPU
		{50BD5B5A-76B1-4217-931E-43AEDBFF4489}.Release|Any CPU.Build.0 = Release|Any CPU
		{44C06FCA-B7D5-4019-9754-4C8B3CA08467}.Debug|Any CPU.ActiveCfg = Debug|Any CPU
		{44C06FCA-B7D5-4019-9754-4C8B3CA08467}.Debug|Any CPU.Build.0 = Debug|Any CPU
		{44C06FCA-B7D5-4019-9754-4C8B3CA08467}.Release|Any CPU.ActiveCfg = Release|Any CPU
		{44C06FCA-B7D5-4019-9754-4C8B3CA08467}.Release|Any CPU.Build.0 = Release|Any CPU
		{76170B5D-2547-4256-941A-EBEB33692B2F}.Debug|Any CPU.ActiveCfg = Debug|Any CPU
		{76170B5D-2547-4256-941A-EBEB33692B2F}.Debug|Any CPU.Build.0 = Debug|Any CPU
		{76170B5D-2547-4256-941A-EBEB33692B2F}.Release|Any CPU.ActiveCfg = Release|Any CPU
		{76170B5D-2547-4256-941A-EBEB33692B2F}.Release|Any CPU.Build.0 = Release|Any CPU
		{202C1F94-47CE-4BB5-831E-F818BB21930F}.Debug|Any CPU.ActiveCfg = Debug|Any CPU
		{202C1F94-47CE-4BB5-831E-F818BB21930F}.Debug|Any CPU.Build.0 = Debug|Any CPU
		{202C1F94-47CE-4BB5-831E-F818BB21930F}.Release|Any CPU.ActiveCfg = Release|Any CPU
		{202C1F94-47CE-4BB5-831E-F818BB21930F}.Release|Any CPU.Build.0 = Release|Any CPU
	EndGlobalSection
EndGlobal
