
Microsoft Visual Studio Solution File, Format Version 11.00
# Visual Studio 2010
# SharpDevelop 5.1
Project("{FAE04EC0-301F-11D3-BF4B-00C04F79EFBC}") = "01.ChooseDrink", "ChooseDrink\01.ChooseDrink.csproj", "{9B808843-880A-4226-85D7-256341476236}"
EndProject
Project("{FAE04EC0-301F-11D3-BF4B-00C04F79EFBC}") = "02.ChooseDrink2", "ChooseDrink2\02.ChooseDrink2.csproj", "{A996ABA7-899F-4B71-BAA0-6B37C0EF9D25}"
EndProject
Project("{FAE04EC0-301F-11D3-BF4B-00C04F79EFBC}") = "03.RestaurantDiscount", "RestaurantDiscount\03.RestaurantDiscount.csproj", "{472FFC92-0713-4BFD-AE90-E825E2B3084F}"
EndProject
Project("{FAE04EC0-301F-11D3-BF4B-00C04F79EFBC}") = "04.Hotel", "Hotel\04.Hotel.csproj", "{0F60CD24-996B-4521-AD8D-3621AAC1EBAE}"
EndProject
Project("{FAE04EC0-301F-11D3-BF4B-00C04F79EFBC}") = "05.WordInPlural", "WordInPlural\05.WordInPlural.csproj", "{E4F7EEFC-E7A2-49D9-902E-CE0CB35B5C15}"
EndProject
Project("{FAE04EC0-301F-11D3-BF4B-00C04F79EFBC}") = "06.IntervalOfNums", "IntervalOfNums\06.IntervalOfNums.csproj", "{15388E42-FA78-4F3F-9117-3AA323ADCD50}"
EndProject
Project("{FAE04EC0-301F-11D3-BF4B-00C04F79EFBC}") = "07.CakeIngredients", "CakeIngredients\07.CakeIngredients.csproj", "{ABD51FBE-93FA-479D-A07B-141538331B69}"
EndProject
Project("{FAE04EC0-301F-11D3-BF4B-00C04F79EFBC}") = "08.CaloriesCounter", "CaloriesCounter\08.CaloriesCounter.csproj", "{29FCFCE3-C419-47F0-A628-5A9F3450D11B}"
EndProject
Project("{FAE04EC0-301F-11D3-BF4B-00C04F79EFBC}") = "09.CountNums", "CountNums\09.CountNums.csproj", "{ED106972-2E1B-497A-8C78-954832F18163}"
EndProject
Project("{FAE04EC0-301F-11D3-BF4B-00C04F79EFBC}") = "10.NumTriangle", "NumTriangle\10.NumTriangle.csproj", "{024626F6-1A22-4A5D-9CED-C30741F26FE8}"
EndProject
Project("{FAE04EC0-301F-11D3-BF4B-00C04F79EFBC}") = "11.FiveDifferentNumbers", "FiveDifferentNumbers\11.FiveDifferentNumbers.csproj", "{0A640AA8-0B4D-4885-ABED-7DBE6CD81D44}"
EndProject
Project("{FAE04EC0-301F-11D3-BF4B-00C04F79EFBC}") = "12.TestNumbers", "TesatNumbers\12.TestNumbers.csproj", "{CF009FA3-A528-44EB-B829-54D9C26AED3E}"
EndProject
Project("{FAE04EC0-301F-11D3-BF4B-00C04F79EFBC}") = "13.GameOfNumbers", "GameOfNumbers\13.GameOfNumbers.csproj", "{50AF925D-D936-4D19-9CEF-623AFF91BAD7}"
EndProject
Project("{FAE04EC0-301F-11D3-BF4B-00C04F79EFBC}") = "14.MagicLetter", "MagicLetter\14.MagicLetter.csproj", "{8FA65238-E6E7-4FCB-9888-C0C76720942F}"
EndProject
Project("{FAE04EC0-301F-11D3-BF4B-00C04F79EFBC}") = "15.NeighbourWars", "NeighbourWars\15.NeighbourWars.csproj", "{C54F73C5-7F87-40D0-ABE4-14495D288BF2}"
EndProject
Project("{FAE04EC0-301F-11D3-BF4B-00C04F79EFBC}") = "16.X", "X\16.X.csproj", "{7F8D5C8A-785F-46D8-A290-8C4BCA298E1F}"
EndProject
Project("{FAE04EC0-301F-11D3-BF4B-00C04F79EFBC}") = "17.VaporStore", "VaporStore\17.VaporStore.csproj", "{FD30F8ED-00BC-433E-8E8E-786E190375D7}"
EndProject
Project("{FAE04EC0-301F-11D3-BF4B-00C04F79EFBC}") = "18.MegaPixels", "MegaPixels\18.MegaPixels.csproj", "{6A4E8757-7726-49EF-986F-734BD422CBE6}"
EndProject
Project("{FAE04EC0-301F-11D3-BF4B-00C04F79EFBC}") = "19.PhotoGalery", "PhotoGalery\19.PhotoGalery.csproj", "{D0314584-7181-496B-A1F3-A56EC934E4BD}"
EndProject
Project("{FAE04EC0-301F-11D3-BF4B-00C04F79EFBC}") = "20.BPMCounter", "BPMCounter\20.BPMCounter.csproj", "{01531E3A-CED3-44F0-ACD6-710D5522EA4C}"
EndProject
Project("{FAE04EC0-301F-11D3-BF4B-00C04F79EFBC}") = "21.DNAsequence", "DNAsequence\21.DNAsequence.csproj", "{D95D6E42-D98C-43ED-BDB4-33E89A080A1C}"
EndProject
Project("{FAE04EC0-301F-11D3-BF4B-00C04F79EFBC}") = "22.TrainingHall", "TrainingHall\22.TrainingHall.csproj", "{67A72497-C277-4B1E-AC2F-FB2D087243BB}"
EndProject
Project("{FAE04EC0-301F-11D3-BF4B-00C04F79EFBC}") = "23.SMS", "SMS\23.SMS.csproj", "{BFE04C3C-18AA-4BF9-A3AC-FB7FFD4B904F}"
EndProject
Global
	GlobalSection(SolutionConfigurationPlatforms) = preSolution
		Debug|Any CPU = Debug|Any CPU
		Release|Any CPU = Release|Any CPU
	EndGlobalSection
	GlobalSection(ProjectConfigurationPlatforms) = postSolution
		{9B808843-880A-4226-85D7-256341476236}.Debug|Any CPU.ActiveCfg = Debug|Any CPU
		{9B808843-880A-4226-85D7-256341476236}.Debug|Any CPU.Build.0 = Debug|Any CPU
		{9B808843-880A-4226-85D7-256341476236}.Release|Any CPU.ActiveCfg = Release|Any CPU
		{9B808843-880A-4226-85D7-256341476236}.Release|Any CPU.Build.0 = Release|Any CPU
		{A996ABA7-899F-4B71-BAA0-6B37C0EF9D25}.Debug|Any CPU.ActiveCfg = Debug|Any CPU
		{A996ABA7-899F-4B71-BAA0-6B37C0EF9D25}.Debug|Any CPU.Build.0 = Debug|Any CPU
		{A996ABA7-899F-4B71-BAA0-6B37C0EF9D25}.Release|Any CPU.ActiveCfg = Release|Any CPU
		{A996ABA7-899F-4B71-BAA0-6B37C0EF9D25}.Release|Any CPU.Build.0 = Release|Any CPU
		{472FFC92-0713-4BFD-AE90-E825E2B3084F}.Debug|Any CPU.ActiveCfg = Debug|Any CPU
		{472FFC92-0713-4BFD-AE90-E825E2B3084F}.Debug|Any CPU.Build.0 = Debug|Any CPU
		{472FFC92-0713-4BFD-AE90-E825E2B3084F}.Release|Any CPU.ActiveCfg = Release|Any CPU
		{472FFC92-0713-4BFD-AE90-E825E2B3084F}.Release|Any CPU.Build.0 = Release|Any CPU
		{0F60CD24-996B-4521-AD8D-3621AAC1EBAE}.Debug|Any CPU.ActiveCfg = Debug|Any CPU
		{0F60CD24-996B-4521-AD8D-3621AAC1EBAE}.Debug|Any CPU.Build.0 = Debug|Any CPU
		{0F60CD24-996B-4521-AD8D-3621AAC1EBAE}.Release|Any CPU.ActiveCfg = Release|Any CPU
		{0F60CD24-996B-4521-AD8D-3621AAC1EBAE}.Release|Any CPU.Build.0 = Release|Any CPU
		{E4F7EEFC-E7A2-49D9-902E-CE0CB35B5C15}.Debug|Any CPU.ActiveCfg = Debug|Any CPU
		{E4F7EEFC-E7A2-49D9-902E-CE0CB35B5C15}.Debug|Any CPU.Build.0 = Debug|Any CPU
		{E4F7EEFC-E7A2-49D9-902E-CE0CB35B5C15}.Release|Any CPU.ActiveCfg = Release|Any CPU
		{E4F7EEFC-E7A2-49D9-902E-CE0CB35B5C15}.Release|Any CPU.Build.0 = Release|Any CPU
		{15388E42-FA78-4F3F-9117-3AA323ADCD50}.Debug|Any CPU.ActiveCfg = Debug|Any CPU
		{15388E42-FA78-4F3F-9117-3AA323ADCD50}.Debug|Any CPU.Build.0 = Debug|Any CPU
		{15388E42-FA78-4F3F-9117-3AA323ADCD50}.Release|Any CPU.ActiveCfg = Release|Any CPU
		{15388E42-FA78-4F3F-9117-3AA323ADCD50}.Release|Any CPU.Build.0 = Release|Any CPU
		{ABD51FBE-93FA-479D-A07B-141538331B69}.Debug|Any CPU.ActiveCfg = Debug|Any CPU
		{ABD51FBE-93FA-479D-A07B-141538331B69}.Debug|Any CPU.Build.0 = Debug|Any CPU
		{ABD51FBE-93FA-479D-A07B-141538331B69}.Release|Any CPU.ActiveCfg = Release|Any CPU
		{ABD51FBE-93FA-479D-A07B-141538331B69}.Release|Any CPU.Build.0 = Release|Any CPU
		{29FCFCE3-C419-47F0-A628-5A9F3450D11B}.Debug|Any CPU.ActiveCfg = Debug|Any CPU
		{29FCFCE3-C419-47F0-A628-5A9F3450D11B}.Debug|Any CPU.Build.0 = Debug|Any CPU
		{29FCFCE3-C419-47F0-A628-5A9F3450D11B}.Release|Any CPU.ActiveCfg = Release|Any CPU
		{29FCFCE3-C419-47F0-A628-5A9F3450D11B}.Release|Any CPU.Build.0 = Release|Any CPU
		{ED106972-2E1B-497A-8C78-954832F18163}.Debug|Any CPU.ActiveCfg = Debug|Any CPU
		{ED106972-2E1B-497A-8C78-954832F18163}.Debug|Any CPU.Build.0 = Debug|Any CPU
		{ED106972-2E1B-497A-8C78-954832F18163}.Release|Any CPU.ActiveCfg = Release|Any CPU
		{ED106972-2E1B-497A-8C78-954832F18163}.Release|Any CPU.Build.0 = Release|Any CPU
		{024626F6-1A22-4A5D-9CED-C30741F26FE8}.Debug|Any CPU.ActiveCfg = Debug|Any CPU
		{024626F6-1A22-4A5D-9CED-C30741F26FE8}.Debug|Any CPU.Build.0 = Debug|Any CPU
		{024626F6-1A22-4A5D-9CED-C30741F26FE8}.Release|Any CPU.ActiveCfg = Release|Any CPU
		{024626F6-1A22-4A5D-9CED-C30741F26FE8}.Release|Any CPU.Build.0 = Release|Any CPU
		{0A640AA8-0B4D-4885-ABED-7DBE6CD81D44}.Debug|Any CPU.ActiveCfg = Debug|Any CPU
		{0A640AA8-0B4D-4885-ABED-7DBE6CD81D44}.Debug|Any CPU.Build.0 = Debug|Any CPU
		{0A640AA8-0B4D-4885-ABED-7DBE6CD81D44}.Release|Any CPU.ActiveCfg = Release|Any CPU
		{0A640AA8-0B4D-4885-ABED-7DBE6CD81D44}.Release|Any CPU.Build.0 = Release|Any CPU
		{CF009FA3-A528-44EB-B829-54D9C26AED3E}.Debug|Any CPU.ActiveCfg = Debug|Any CPU
		{CF009FA3-A528-44EB-B829-54D9C26AED3E}.Debug|Any CPU.Build.0 = Debug|Any CPU
		{CF009FA3-A528-44EB-B829-54D9C26AED3E}.Release|Any CPU.ActiveCfg = Release|Any CPU
		{CF009FA3-A528-44EB-B829-54D9C26AED3E}.Release|Any CPU.Build.0 = Release|Any CPU
		{50AF925D-D936-4D19-9CEF-623AFF91BAD7}.Debug|Any CPU.ActiveCfg = Debug|Any CPU
		{50AF925D-D936-4D19-9CEF-623AFF91BAD7}.Debug|Any CPU.Build.0 = Debug|Any CPU
		{50AF925D-D936-4D19-9CEF-623AFF91BAD7}.Release|Any CPU.ActiveCfg = Release|Any CPU
		{50AF925D-D936-4D19-9CEF-623AFF91BAD7}.Release|Any CPU.Build.0 = Release|Any CPU
		{8FA65238-E6E7-4FCB-9888-C0C76720942F}.Debug|Any CPU.ActiveCfg = Debug|Any CPU
		{8FA65238-E6E7-4FCB-9888-C0C76720942F}.Debug|Any CPU.Build.0 = Debug|Any CPU
		{8FA65238-E6E7-4FCB-9888-C0C76720942F}.Release|Any CPU.ActiveCfg = Release|Any CPU
		{8FA65238-E6E7-4FCB-9888-C0C76720942F}.Release|Any CPU.Build.0 = Release|Any CPU
		{C54F73C5-7F87-40D0-ABE4-14495D288BF2}.Debug|Any CPU.ActiveCfg = Debug|Any CPU
		{C54F73C5-7F87-40D0-ABE4-14495D288BF2}.Debug|Any CPU.Build.0 = Debug|Any CPU
		{C54F73C5-7F87-40D0-ABE4-14495D288BF2}.Release|Any CPU.ActiveCfg = Release|Any CPU
		{C54F73C5-7F87-40D0-ABE4-14495D288BF2}.Release|Any CPU.Build.0 = Release|Any CPU
		{7F8D5C8A-785F-46D8-A290-8C4BCA298E1F}.Debug|Any CPU.ActiveCfg = Debug|Any CPU
		{7F8D5C8A-785F-46D8-A290-8C4BCA298E1F}.Debug|Any CPU.Build.0 = Debug|Any CPU
		{7F8D5C8A-785F-46D8-A290-8C4BCA298E1F}.Release|Any CPU.ActiveCfg = Release|Any CPU
		{7F8D5C8A-785F-46D8-A290-8C4BCA298E1F}.Release|Any CPU.Build.0 = Release|Any CPU
		{FD30F8ED-00BC-433E-8E8E-786E190375D7}.Debug|Any CPU.ActiveCfg = Debug|Any CPU
		{FD30F8ED-00BC-433E-8E8E-786E190375D7}.Debug|Any CPU.Build.0 = Debug|Any CPU
		{FD30F8ED-00BC-433E-8E8E-786E190375D7}.Release|Any CPU.ActiveCfg = Release|Any CPU
		{FD30F8ED-00BC-433E-8E8E-786E190375D7}.Release|Any CPU.Build.0 = Release|Any CPU
		{6A4E8757-7726-49EF-986F-734BD422CBE6}.Debug|Any CPU.ActiveCfg = Debug|Any CPU
		{6A4E8757-7726-49EF-986F-734BD422CBE6}.Debug|Any CPU.Build.0 = Debug|Any CPU
		{6A4E8757-7726-49EF-986F-734BD422CBE6}.Release|Any CPU.ActiveCfg = Release|Any CPU
		{6A4E8757-7726-49EF-986F-734BD422CBE6}.Release|Any CPU.Build.0 = Release|Any CPU
		{D0314584-7181-496B-A1F3-A56EC934E4BD}.Debug|Any CPU.ActiveCfg = Debug|Any CPU
		{D0314584-7181-496B-A1F3-A56EC934E4BD}.Debug|Any CPU.Build.0 = Debug|Any CPU
		{D0314584-7181-496B-A1F3-A56EC934E4BD}.Release|Any CPU.ActiveCfg = Release|Any CPU
		{D0314584-7181-496B-A1F3-A56EC934E4BD}.Release|Any CPU.Build.0 = Release|Any CPU
		{01531E3A-CED3-44F0-ACD6-710D5522EA4C}.Debug|Any CPU.ActiveCfg = Debug|Any CPU
		{01531E3A-CED3-44F0-ACD6-710D5522EA4C}.Debug|Any CPU.Build.0 = Debug|Any CPU
		{01531E3A-CED3-44F0-ACD6-710D5522EA4C}.Release|Any CPU.ActiveCfg = Release|Any CPU
		{01531E3A-CED3-44F0-ACD6-710D5522EA4C}.Release|Any CPU.Build.0 = Release|Any CPU
		{D95D6E42-D98C-43ED-BDB4-33E89A080A1C}.Debug|Any CPU.ActiveCfg = Debug|Any CPU
		{D95D6E42-D98C-43ED-BDB4-33E89A080A1C}.Debug|Any CPU.Build.0 = Debug|Any CPU
		{D95D6E42-D98C-43ED-BDB4-33E89A080A1C}.Release|Any CPU.ActiveCfg = Release|Any CPU
		{D95D6E42-D98C-43ED-BDB4-33E89A080A1C}.Release|Any CPU.Build.0 = Release|Any CPU
		{67A72497-C277-4B1E-AC2F-FB2D087243BB}.Debug|Any CPU.ActiveCfg = Debug|Any CPU
		{67A72497-C277-4B1E-AC2F-FB2D087243BB}.Debug|Any CPU.Build.0 = Debug|Any CPU
		{67A72497-C277-4B1E-AC2F-FB2D087243BB}.Release|Any CPU.ActiveCfg = Release|Any CPU
		{67A72497-C277-4B1E-AC2F-FB2D087243BB}.Release|Any CPU.Build.0 = Release|Any CPU
		{BFE04C3C-18AA-4BF9-A3AC-FB7FFD4B904F}.Debug|Any CPU.ActiveCfg = Debug|Any CPU
		{BFE04C3C-18AA-4BF9-A3AC-FB7FFD4B904F}.Debug|Any CPU.Build.0 = Debug|Any CPU
		{BFE04C3C-18AA-4BF9-A3AC-FB7FFD4B904F}.Release|Any CPU.ActiveCfg = Release|Any CPU
		{BFE04C3C-18AA-4BF9-A3AC-FB7FFD4B904F}.Release|Any CPU.Build.0 = Release|Any CPU
	EndGlobalSection
EndGlobal
