
Microsoft Visual Studio Solution File, Format Version 11.00
# Visual Studio 2010
# SharpDevelop 5.1
Project("{FAE04EC0-301F-11D3-BF4B-00C04F79EFBC}") = "01.BlankReceipt", "BlankRecipe\01.BlankReceipt.csproj", "{B4B4ADEF-3CBE-4294-AA3A-4721460E0B81}"
EndProject
Project("{FAE04EC0-301F-11D3-BF4B-00C04F79EFBC}") = "02.SignOfInt", "SignOfInt\02.SignOfInt.csproj", "{508B2105-1736-4F2A-81FD-59966D5DC0E9}"
EndProject
Project("{FAE04EC0-301F-11D3-BF4B-00C04F79EFBC}") = "03.PrinTriangle", "PrinTriangle\03.PrinTriangle.csproj", "{1A16E872-1596-4791-B83F-CA2F48EE67FD}"
EndProject
Project("{FAE04EC0-301F-11D3-BF4B-00C04F79EFBC}") = "04.FilledSquare", "FilledSquare\04.FilledSquare.csproj", "{B073A4ED-6033-4FDC-8CBC-5633158FCEB5}"
EndProject
Project("{FAE04EC0-301F-11D3-BF4B-00C04F79EFBC}") = "05.TriangleArea", "TriangleArea\05.TriangleArea.csproj", "{CFD58787-E53C-4F95-824E-FBF3549AB8A9}"
EndProject
Project("{FAE04EC0-301F-11D3-BF4B-00C04F79EFBC}") = "06.MathPowers", "MathPowers\06.MathPowers.csproj", "{93154C2A-0F49-423A-879C-8FD6E130762E}"
EndProject
Project("{FAE04EC0-301F-11D3-BF4B-00C04F79EFBC}") = "07.GreaterOfTwoValues", "GreaterOfTwoValues\07.GreaterOfTwoValues.csproj", "{B20EC8A8-7CFF-4E86-8E25-4CED7694A6CD}"
EndProject
Project("{FAE04EC0-301F-11D3-BF4B-00C04F79EFBC}") = "08.MultiplyEvensByOdds", "MultiplyEvensByOdds\08.MultiplyEvensByOdds.csproj", "{0501F459-FEBA-4736-9587-F4D97AC5ACE0}"
EndProject
Project("{FAE04EC0-301F-11D3-BF4B-00C04F79EFBC}") = "09.HolidaysBetweenTwoDates", "HolidaysBetweenTwoDates\09.HolidaysBetweenTwoDates.csproj", "{A81E0F4B-1B44-4924-9500-21677FBAB625}"
EndProject
Project("{FAE04EC0-301F-11D3-BF4B-00C04F79EFBC}") = "10.PriceChangeAlert", "PriceChangeAlert\10.PriceChangeAlert.csproj", "{C07BCFA6-9EAE-4B1B-9878-4E4632E1BAFC}"
EndProject
Project("{FAE04EC0-301F-11D3-BF4B-00C04F79EFBC}") = "11.HelloName", "HelloName\11.HelloName.csproj", "{26F96BB4-7654-4CA9-A8E2-DB049C76FDC1}"
EndProject
Project("{FAE04EC0-301F-11D3-BF4B-00C04F79EFBC}") = "12.GetMax", "GetMax\12.GetMax.csproj", "{D54D1119-D2A8-4B4E-9FB9-BAD0AD0A89B6}"
EndProject
Project("{FAE04EC0-301F-11D3-BF4B-00C04F79EFBC}") = "13.ENameOfDigit", "ENameOfDigit\13.ENameOfDigit.csproj", "{E4AD765C-41AD-4D45-9BB2-78B9EB9A1624}"
EndProject
Project("{FAE04EC0-301F-11D3-BF4B-00C04F79EFBC}") = "14.NumsInReverseOrder", "NumsInReverseOrder\14.NumsInReverseOrder.csproj", "{E8B572B9-0F77-408F-8A94-A32C436B4512}"
EndProject
Project("{FAE04EC0-301F-11D3-BF4B-00C04F79EFBC}") = "15.Fibo0nacciNums", "Fibo0nacciNums\15.Fibo0nacciNums.csproj", "{05F7B3DB-DA32-47F7-91F5-D73983734E32}"
EndProject
Project("{FAE04EC0-301F-11D3-BF4B-00C04F79EFBC}") = "16.PrimeChecker", "PrimeChecker\16.PrimeChecker.csproj", "{E6A7E7D9-A62F-4542-9885-4CDED81F66D0}"
EndProject
Project("{FAE04EC0-301F-11D3-BF4B-00C04F79EFBC}") = "17.PrimesInRange", "PrimesInRange\17.PrimesInRange.csproj", "{0043032B-C060-448E-8429-C4E7F925759C}"
EndProject
Project("{FAE04EC0-301F-11D3-BF4B-00C04F79EFBC}") = "testProject", "testProject\testProject.csproj", "{6913BDDA-CFF9-4346-913A-8B23C803C821}"
EndProject
Project("{FAE04EC0-301F-11D3-BF4B-00C04F79EFBC}") = "18.CenterPoint", "CenterPoint\18.CenterPoint.csproj", "{2AAA0ED3-72E9-4249-9640-CE3B70C502B0}"
EndProject
Project("{FAE04EC0-301F-11D3-BF4B-00C04F79EFBC}") = "19.LongerLine", "LongerLine\19.LongerLine.csproj", "{29EF8258-7300-4265-93DD-6BBE6F9BFF0B}"
EndProject
Project("{FAE04EC0-301F-11D3-BF4B-00C04F79EFBC}") = "20.CubeProperties", "CubeProperties\20.CubeProperties.csproj", "{617760B0-0133-4139-9532-8C1D6F9B27DE}"
EndProject
Project("{FAE04EC0-301F-11D3-BF4B-00C04F79EFBC}") = "21.GeometryCalc", "GeometryCalc\21.GeometryCalc.csproj", "{A1C8A16A-1002-4CEF-ABC9-7417CA204D6E}"
EndProject
Project("{FAE04EC0-301F-11D3-BF4B-00C04F79EFBC}") = "22.MasterNumbers", "MasterNumbers\22.MasterNumbers.csproj", "{C118A33D-AB7C-4B8C-BE65-01D65FFBFCBE}"
EndProject
Project("{FAE04EC0-301F-11D3-BF4B-00C04F79EFBC}") = "23.Factorial", "Factorial\23.Factorial.csproj", "{276BFD59-CA35-42C1-A4CE-138254A3716F}"
EndProject
Project("{FAE04EC0-301F-11D3-BF4B-00C04F79EFBC}") = "24.ZeroesFactorial", "ZeroesFactorial\24.ZeroesFactorial.csproj", "{EEA6093F-FCC0-4F2B-8119-F1100D3C05C8}"
EndProject
Project("{FAE04EC0-301F-11D3-BF4B-00C04F79EFBC}") = "25.Debug-SubString", "Debug-SubString\25.Debug-SubString.csproj", "{BBBB9DB1-8C6D-47B6-89A3-CA9F5A697C35}"
EndProject
Project("{FAE04EC0-301F-11D3-BF4B-00C04F79EFBC}") = "26.Debug-InstructionSet", "Debug-InstructionSet\26.Debug-InstructionSet.csproj", "{2A831872-2272-42B4-A941-F93EC1882748}"
EndProject
Project("{FAE04EC0-301F-11D3-BF4B-00C04F79EFBC}") = "27.Debug-BePositive", "Debug-BePositive\27.Debug-BePositive.csproj", "{1FB63136-C5D7-482E-9864-A7FC83DBB6FC}"
EndProject
Project("{FAE04EC0-301F-11D3-BF4B-00C04F79EFBC}") = "28.Debug-CommandSeq", "Debug-CommandSeq\28.Debug-CommandSeq.csproj", "{A420E39B-E8F6-49E2-953A-EB7E17110982}"
EndProject
Global
	GlobalSection(SolutionConfigurationPlatforms) = preSolution
		Debug|Any CPU = Debug|Any CPU
		Release|Any CPU = Release|Any CPU
	EndGlobalSection
	GlobalSection(ProjectConfigurationPlatforms) = postSolution
		{B4B4ADEF-3CBE-4294-AA3A-4721460E0B81}.Debug|Any CPU.ActiveCfg = Debug|Any CPU
		{B4B4ADEF-3CBE-4294-AA3A-4721460E0B81}.Debug|Any CPU.Build.0 = Debug|Any CPU
		{B4B4ADEF-3CBE-4294-AA3A-4721460E0B81}.Release|Any CPU.ActiveCfg = Release|Any CPU
		{B4B4ADEF-3CBE-4294-AA3A-4721460E0B81}.Release|Any CPU.Build.0 = Release|Any CPU
		{508B2105-1736-4F2A-81FD-59966D5DC0E9}.Debug|Any CPU.ActiveCfg = Debug|Any CPU
		{508B2105-1736-4F2A-81FD-59966D5DC0E9}.Debug|Any CPU.Build.0 = Debug|Any CPU
		{508B2105-1736-4F2A-81FD-59966D5DC0E9}.Release|Any CPU.ActiveCfg = Release|Any CPU
		{508B2105-1736-4F2A-81FD-59966D5DC0E9}.Release|Any CPU.Build.0 = Release|Any CPU
		{1A16E872-1596-4791-B83F-CA2F48EE67FD}.Debug|Any CPU.ActiveCfg = Debug|Any CPU
		{1A16E872-1596-4791-B83F-CA2F48EE67FD}.Debug|Any CPU.Build.0 = Debug|Any CPU
		{1A16E872-1596-4791-B83F-CA2F48EE67FD}.Release|Any CPU.ActiveCfg = Release|Any CPU
		{1A16E872-1596-4791-B83F-CA2F48EE67FD}.Release|Any CPU.Build.0 = Release|Any CPU
		{B073A4ED-6033-4FDC-8CBC-5633158FCEB5}.Debug|Any CPU.ActiveCfg = Debug|Any CPU
		{B073A4ED-6033-4FDC-8CBC-5633158FCEB5}.Debug|Any CPU.Build.0 = Debug|Any CPU
		{B073A4ED-6033-4FDC-8CBC-5633158FCEB5}.Release|Any CPU.ActiveCfg = Release|Any CPU
		{B073A4ED-6033-4FDC-8CBC-5633158FCEB5}.Release|Any CPU.Build.0 = Release|Any CPU
		{CFD58787-E53C-4F95-824E-FBF3549AB8A9}.Debug|Any CPU.ActiveCfg = Debug|Any CPU
		{CFD58787-E53C-4F95-824E-FBF3549AB8A9}.Debug|Any CPU.Build.0 = Debug|Any CPU
		{CFD58787-E53C-4F95-824E-FBF3549AB8A9}.Release|Any CPU.ActiveCfg = Release|Any CPU
		{CFD58787-E53C-4F95-824E-FBF3549AB8A9}.Release|Any CPU.Build.0 = Release|Any CPU
		{93154C2A-0F49-423A-879C-8FD6E130762E}.Debug|Any CPU.ActiveCfg = Debug|Any CPU
		{93154C2A-0F49-423A-879C-8FD6E130762E}.Debug|Any CPU.Build.0 = Debug|Any CPU
		{93154C2A-0F49-423A-879C-8FD6E130762E}.Release|Any CPU.ActiveCfg = Release|Any CPU
		{93154C2A-0F49-423A-879C-8FD6E130762E}.Release|Any CPU.Build.0 = Release|Any CPU
		{B20EC8A8-7CFF-4E86-8E25-4CED7694A6CD}.Debug|Any CPU.ActiveCfg = Debug|Any CPU
		{B20EC8A8-7CFF-4E86-8E25-4CED7694A6CD}.Debug|Any CPU.Build.0 = Debug|Any CPU
		{B20EC8A8-7CFF-4E86-8E25-4CED7694A6CD}.Release|Any CPU.ActiveCfg = Release|Any CPU
		{B20EC8A8-7CFF-4E86-8E25-4CED7694A6CD}.Release|Any CPU.Build.0 = Release|Any CPU
		{0501F459-FEBA-4736-9587-F4D97AC5ACE0}.Debug|Any CPU.ActiveCfg = Debug|Any CPU
		{0501F459-FEBA-4736-9587-F4D97AC5ACE0}.Debug|Any CPU.Build.0 = Debug|Any CPU
		{0501F459-FEBA-4736-9587-F4D97AC5ACE0}.Release|Any CPU.ActiveCfg = Release|Any CPU
		{0501F459-FEBA-4736-9587-F4D97AC5ACE0}.Release|Any CPU.Build.0 = Release|Any CPU
		{A81E0F4B-1B44-4924-9500-21677FBAB625}.Debug|Any CPU.ActiveCfg = Debug|Any CPU
		{A81E0F4B-1B44-4924-9500-21677FBAB625}.Debug|Any CPU.Build.0 = Debug|Any CPU
		{A81E0F4B-1B44-4924-9500-21677FBAB625}.Release|Any CPU.ActiveCfg = Release|Any CPU
		{A81E0F4B-1B44-4924-9500-21677FBAB625}.Release|Any CPU.Build.0 = Release|Any CPU
		{C07BCFA6-9EAE-4B1B-9878-4E4632E1BAFC}.Debug|Any CPU.ActiveCfg = Debug|Any CPU
		{C07BCFA6-9EAE-4B1B-9878-4E4632E1BAFC}.Debug|Any CPU.Build.0 = Debug|Any CPU
		{C07BCFA6-9EAE-4B1B-9878-4E4632E1BAFC}.Release|Any CPU.ActiveCfg = Release|Any CPU
		{C07BCFA6-9EAE-4B1B-9878-4E4632E1BAFC}.Release|Any CPU.Build.0 = Release|Any CPU
		{26F96BB4-7654-4CA9-A8E2-DB049C76FDC1}.Debug|Any CPU.ActiveCfg = Debug|Any CPU
		{26F96BB4-7654-4CA9-A8E2-DB049C76FDC1}.Debug|Any CPU.Build.0 = Debug|Any CPU
		{26F96BB4-7654-4CA9-A8E2-DB049C76FDC1}.Release|Any CPU.ActiveCfg = Release|Any CPU
		{26F96BB4-7654-4CA9-A8E2-DB049C76FDC1}.Release|Any CPU.Build.0 = Release|Any CPU
		{D54D1119-D2A8-4B4E-9FB9-BAD0AD0A89B6}.Debug|Any CPU.ActiveCfg = Debug|Any CPU
		{D54D1119-D2A8-4B4E-9FB9-BAD0AD0A89B6}.Debug|Any CPU.Build.0 = Debug|Any CPU
		{D54D1119-D2A8-4B4E-9FB9-BAD0AD0A89B6}.Release|Any CPU.ActiveCfg = Release|Any CPU
		{D54D1119-D2A8-4B4E-9FB9-BAD0AD0A89B6}.Release|Any CPU.Build.0 = Release|Any CPU
		{E4AD765C-41AD-4D45-9BB2-78B9EB9A1624}.Debug|Any CPU.ActiveCfg = Debug|Any CPU
		{E4AD765C-41AD-4D45-9BB2-78B9EB9A1624}.Debug|Any CPU.Build.0 = Debug|Any CPU
		{E4AD765C-41AD-4D45-9BB2-78B9EB9A1624}.Release|Any CPU.ActiveCfg = Release|Any CPU
		{E4AD765C-41AD-4D45-9BB2-78B9EB9A1624}.Release|Any CPU.Build.0 = Release|Any CPU
		{E8B572B9-0F77-408F-8A94-A32C436B4512}.Debug|Any CPU.ActiveCfg = Debug|Any CPU
		{E8B572B9-0F77-408F-8A94-A32C436B4512}.Debug|Any CPU.Build.0 = Debug|Any CPU
		{E8B572B9-0F77-408F-8A94-A32C436B4512}.Release|Any CPU.ActiveCfg = Release|Any CPU
		{E8B572B9-0F77-408F-8A94-A32C436B4512}.Release|Any CPU.Build.0 = Release|Any CPU
		{05F7B3DB-DA32-47F7-91F5-D73983734E32}.Debug|Any CPU.ActiveCfg = Debug|Any CPU
		{05F7B3DB-DA32-47F7-91F5-D73983734E32}.Debug|Any CPU.Build.0 = Debug|Any CPU
		{05F7B3DB-DA32-47F7-91F5-D73983734E32}.Release|Any CPU.ActiveCfg = Release|Any CPU
		{05F7B3DB-DA32-47F7-91F5-D73983734E32}.Release|Any CPU.Build.0 = Release|Any CPU
		{E6A7E7D9-A62F-4542-9885-4CDED81F66D0}.Debug|Any CPU.ActiveCfg = Debug|Any CPU
		{E6A7E7D9-A62F-4542-9885-4CDED81F66D0}.Debug|Any CPU.Build.0 = Debug|Any CPU
		{E6A7E7D9-A62F-4542-9885-4CDED81F66D0}.Release|Any CPU.ActiveCfg = Release|Any CPU
		{E6A7E7D9-A62F-4542-9885-4CDED81F66D0}.Release|Any CPU.Build.0 = Release|Any CPU
		{0043032B-C060-448E-8429-C4E7F925759C}.Debug|Any CPU.ActiveCfg = Debug|Any CPU
		{0043032B-C060-448E-8429-C4E7F925759C}.Debug|Any CPU.Build.0 = Debug|Any CPU
		{0043032B-C060-448E-8429-C4E7F925759C}.Release|Any CPU.ActiveCfg = Release|Any CPU
		{0043032B-C060-448E-8429-C4E7F925759C}.Release|Any CPU.Build.0 = Release|Any CPU
		{6913BDDA-CFF9-4346-913A-8B23C803C821}.Debug|Any CPU.ActiveCfg = Debug|Any CPU
		{6913BDDA-CFF9-4346-913A-8B23C803C821}.Debug|Any CPU.Build.0 = Debug|Any CPU
		{6913BDDA-CFF9-4346-913A-8B23C803C821}.Release|Any CPU.ActiveCfg = Release|Any CPU
		{6913BDDA-CFF9-4346-913A-8B23C803C821}.Release|Any CPU.Build.0 = Release|Any CPU
		{2AAA0ED3-72E9-4249-9640-CE3B70C502B0}.Debug|Any CPU.ActiveCfg = Debug|Any CPU
		{2AAA0ED3-72E9-4249-9640-CE3B70C502B0}.Debug|Any CPU.Build.0 = Debug|Any CPU
		{2AAA0ED3-72E9-4249-9640-CE3B70C502B0}.Release|Any CPU.ActiveCfg = Release|Any CPU
		{2AAA0ED3-72E9-4249-9640-CE3B70C502B0}.Release|Any CPU.Build.0 = Release|Any CPU
		{29EF8258-7300-4265-93DD-6BBE6F9BFF0B}.Debug|Any CPU.ActiveCfg = Debug|Any CPU
		{29EF8258-7300-4265-93DD-6BBE6F9BFF0B}.Debug|Any CPU.Build.0 = Debug|Any CPU
		{29EF8258-7300-4265-93DD-6BBE6F9BFF0B}.Release|Any CPU.ActiveCfg = Release|Any CPU
		{29EF8258-7300-4265-93DD-6BBE6F9BFF0B}.Release|Any CPU.Build.0 = Release|Any CPU
		{617760B0-0133-4139-9532-8C1D6F9B27DE}.Debug|Any CPU.ActiveCfg = Debug|Any CPU
		{617760B0-0133-4139-9532-8C1D6F9B27DE}.Debug|Any CPU.Build.0 = Debug|Any CPU
		{617760B0-0133-4139-9532-8C1D6F9B27DE}.Release|Any CPU.ActiveCfg = Release|Any CPU
		{617760B0-0133-4139-9532-8C1D6F9B27DE}.Release|Any CPU.Build.0 = Release|Any CPU
		{A1C8A16A-1002-4CEF-ABC9-7417CA204D6E}.Debug|Any CPU.ActiveCfg = Debug|Any CPU
		{A1C8A16A-1002-4CEF-ABC9-7417CA204D6E}.Debug|Any CPU.Build.0 = Debug|Any CPU
		{A1C8A16A-1002-4CEF-ABC9-7417CA204D6E}.Release|Any CPU.ActiveCfg = Release|Any CPU
		{A1C8A16A-1002-4CEF-ABC9-7417CA204D6E}.Release|Any CPU.Build.0 = Release|Any CPU
		{C118A33D-AB7C-4B8C-BE65-01D65FFBFCBE}.Debug|Any CPU.ActiveCfg = Debug|Any CPU
		{C118A33D-AB7C-4B8C-BE65-01D65FFBFCBE}.Debug|Any CPU.Build.0 = Debug|Any CPU
		{C118A33D-AB7C-4B8C-BE65-01D65FFBFCBE}.Release|Any CPU.ActiveCfg = Release|Any CPU
		{C118A33D-AB7C-4B8C-BE65-01D65FFBFCBE}.Release|Any CPU.Build.0 = Release|Any CPU
		{276BFD59-CA35-42C1-A4CE-138254A3716F}.Debug|Any CPU.ActiveCfg = Debug|Any CPU
		{276BFD59-CA35-42C1-A4CE-138254A3716F}.Debug|Any CPU.Build.0 = Debug|Any CPU
		{276BFD59-CA35-42C1-A4CE-138254A3716F}.Release|Any CPU.ActiveCfg = Release|Any CPU
		{276BFD59-CA35-42C1-A4CE-138254A3716F}.Release|Any CPU.Build.0 = Release|Any CPU
		{EEA6093F-FCC0-4F2B-8119-F1100D3C05C8}.Debug|Any CPU.ActiveCfg = Debug|Any CPU
		{EEA6093F-FCC0-4F2B-8119-F1100D3C05C8}.Debug|Any CPU.Build.0 = Debug|Any CPU
		{EEA6093F-FCC0-4F2B-8119-F1100D3C05C8}.Release|Any CPU.ActiveCfg = Release|Any CPU
		{EEA6093F-FCC0-4F2B-8119-F1100D3C05C8}.Release|Any CPU.Build.0 = Release|Any CPU
		{BBBB9DB1-8C6D-47B6-89A3-CA9F5A697C35}.Debug|Any CPU.ActiveCfg = Debug|Any CPU
		{BBBB9DB1-8C6D-47B6-89A3-CA9F5A697C35}.Debug|Any CPU.Build.0 = Debug|Any CPU
		{BBBB9DB1-8C6D-47B6-89A3-CA9F5A697C35}.Release|Any CPU.ActiveCfg = Release|Any CPU
		{BBBB9DB1-8C6D-47B6-89A3-CA9F5A697C35}.Release|Any CPU.Build.0 = Release|Any CPU
		{2A831872-2272-42B4-A941-F93EC1882748}.Debug|Any CPU.ActiveCfg = Debug|Any CPU
		{2A831872-2272-42B4-A941-F93EC1882748}.Debug|Any CPU.Build.0 = Debug|Any CPU
		{2A831872-2272-42B4-A941-F93EC1882748}.Release|Any CPU.ActiveCfg = Release|Any CPU
		{2A831872-2272-42B4-A941-F93EC1882748}.Release|Any CPU.Build.0 = Release|Any CPU
		{1FB63136-C5D7-482E-9864-A7FC83DBB6FC}.Debug|Any CPU.ActiveCfg = Debug|Any CPU
		{1FB63136-C5D7-482E-9864-A7FC83DBB6FC}.Debug|Any CPU.Build.0 = Debug|Any CPU
		{1FB63136-C5D7-482E-9864-A7FC83DBB6FC}.Release|Any CPU.ActiveCfg = Release|Any CPU
		{1FB63136-C5D7-482E-9864-A7FC83DBB6FC}.Release|Any CPU.Build.0 = Release|Any CPU
		{A420E39B-E8F6-49E2-953A-EB7E17110982}.Debug|Any CPU.ActiveCfg = Debug|Any CPU
		{A420E39B-E8F6-49E2-953A-EB7E17110982}.Debug|Any CPU.Build.0 = Debug|Any CPU
		{A420E39B-E8F6-49E2-953A-EB7E17110982}.Release|Any CPU.ActiveCfg = Release|Any CPU
		{A420E39B-E8F6-49E2-953A-EB7E17110982}.Release|Any CPU.Build.0 = Release|Any CPU
	EndGlobalSection
EndGlobal
